
Microsoft Visual Studio Solution File, Format Version 12.00
# Visual Studio Version 16
VisualStudioVersion = 16.0.31025.194
MinimumVisualStudioVersion = 10.0.40219.1
Project("{9A19103F-16F7-4668-BE54-9A1E7A4F7556}") = "KittenFlipper", "KittenFlipper\KittenFlipper.csproj", "{70AA6078-6478-4E01-8639-6761C38DD29C}"
EndProject
Project("{FAE04EC0-301F-11D3-BF4B-00C04F79EFBC}") = "KittenFlipper.Tests", "KittenFlipper.Tests\KittenFlipper.Tests.csproj", "{9E80DB3D-CB37-4C2C-BE2C-A19E403A83A1}"
EndProject
Global
	GlobalSection(SolutionConfigurationPlatforms) = preSolution
		Debug|Any CPU = Debug|Any CPU
		Release|Any CPU = Release|Any CPU
	EndGlobalSection
	GlobalSection(ProjectConfigurationPlatforms) = postSolution
		{70AA6078-6478-4E01-8639-6761C38DD29C}.Debug|Any CPU.ActiveCfg = Debug|Any CPU
		{70AA6078-6478-4E01-8639-6761C38DD29C}.Debug|Any CPU.Build.0 = Debug|Any CPU
		{70AA6078-6478-4E01-8639-6761C38DD29C}.Release|Any CPU.ActiveCfg = Release|Any CPU
		{70AA6078-6478-4E01-8639-6761C38DD29C}.Release|Any CPU.Build.0 = Release|Any CPU
		{9E80DB3D-CB37-4C2C-BE2C-A19E403A83A1}.Debug|Any CPU.ActiveCfg = Debug|Any CPU
		{9E80DB3D-CB37-4C2C-BE2C-A19E403A83A1}.Debug|Any CPU.Build.0 = Debug|Any CPU
		{9E80DB3D-CB37-4C2C-BE2C-A19E403A83A1}.Release|Any CPU.ActiveCfg = Release|Any CPU
		{9E80DB3D-CB37-4C2C-BE2C-A19E403A83A1}.Release|Any CPU.Build.0 = Release|Any CPU
	EndGlobalSection
	GlobalSection(SolutionProperties) = preSolution
		HideSolutionNode = FALSE
	EndGlobalSection
	GlobalSection(ExtensibilityGlobals) = postSolution
		SolutionGuid = {D7422AE6-98D2-4ED8-9BE8-8B0521974FD5}
	EndGlobalSection
EndGlobal
